
Microsoft Visual Studio Solution File, Format Version 12.00
# Visual Studio 14
VisualStudioVersion = 14.0.24720.0
MinimumVisualStudioVersion = 10.0.40219.1
Project("{FAE04EC0-301F-11D3-BF4B-00C04F79EFBC}") = "PMS.Web", "PMS.Web\PMS.Web.csproj", "{3C3054E7-1B81-4C0D-AEAF-C3B26D84EAE1}"
EndProject
Project("{FAE04EC0-301F-11D3-BF4B-00C04F79EFBC}") = "PMS.BusinessLogic", "PMS.BusinessLogic\PMS.BusinessLogic.csproj", "{74F1A6BC-F0EB-4992-B859-63FC97D4634B}"
EndProject
Project("{FAE04EC0-301F-11D3-BF4B-00C04F79EFBC}") = "PMS.DataAccess", "PMS.DataAccess\PMS.DataAccess.csproj", "{C11AB1B6-AD39-4F57-BC2D-B869F6577DB8}"
EndProject
Global
	GlobalSection(SolutionConfigurationPlatforms) = preSolution
		Debug|Any CPU = Debug|Any CPU
		Release|Any CPU = Release|Any CPU
	EndGlobalSection
	GlobalSection(ProjectConfigurationPlatforms) = postSolution
		{3C3054E7-1B81-4C0D-AEAF-C3B26D84EAE1}.Debug|Any CPU.ActiveCfg = Debug|Any CPU
		{3C3054E7-1B81-4C0D-AEAF-C3B26D84EAE1}.Debug|Any CPU.Build.0 = Debug|Any CPU
		{3C3054E7-1B81-4C0D-AEAF-C3B26D84EAE1}.Release|Any CPU.ActiveCfg = Release|Any CPU
		{3C3054E7-1B81-4C0D-AEAF-C3B26D84EAE1}.Release|Any CPU.Build.0 = Release|Any CPU
		{74F1A6BC-F0EB-4992-B859-63FC97D4634B}.Debug|Any CPU.ActiveCfg = Debug|Any CPU
		{74F1A6BC-F0EB-4992-B859-63FC97D4634B}.Debug|Any CPU.Build.0 = Debug|Any CPU
		{74F1A6BC-F0EB-4992-B859-63FC97D4634B}.Release|Any CPU.ActiveCfg = Release|Any CPU
		{74F1A6BC-F0EB-4992-B859-63FC97D4634B}.Release|Any CPU.Build.0 = Release|Any CPU
		{C11AB1B6-AD39-4F57-BC2D-B869F6577DB8}.Debug|Any CPU.ActiveCfg = Debug|Any CPU
		{C11AB1B6-AD39-4F57-BC2D-B869F6577DB8}.Debug|Any CPU.Build.0 = Debug|Any CPU
		{C11AB1B6-AD39-4F57-BC2D-B869F6577DB8}.Release|Any CPU.ActiveCfg = Release|Any CPU
		{C11AB1B6-AD39-4F57-BC2D-B869F6577DB8}.Release|Any CPU.Build.0 = Release|Any CPU
	EndGlobalSection
	GlobalSection(SolutionProperties) = preSolution
		HideSolutionNode = FALSE
	EndGlobalSection
EndGlobal
